
Microsoft Visual Studio Solution File, Format Version 12.00
# Visual Studio Version 16
VisualStudioVersion = 16.0.30309.148
MinimumVisualStudioVersion = 10.0.40219.1
Project("{FAE04EC0-301F-11D3-BF4B-00C04F79EFBC}") = "MaHoaDES", "MaHoaDES\MaHoaDES.csproj", "{58FEB471-A9D2-4B35-A7A9-712F0287FB4F}"
EndProject
Global
	GlobalSection(SolutionConfigurationPlatforms) = preSolution
		Debug|Any CPU = Debug|Any CPU
		Release|Any CPU = Release|Any CPU
	EndGlobalSection
	GlobalSection(ProjectConfigurationPlatforms) = postSolution
		{58FEB471-A9D2-4B35-A7A9-712F0287FB4F}.Debug|Any CPU.ActiveCfg = Debug|Any CPU
		{58FEB471-A9D2-4B35-A7A9-712F0287FB4F}.Debug|Any CPU.Build.0 = Debug|Any CPU
		{58FEB471-A9D2-4B35-A7A9-712F0287FB4F}.Release|Any CPU.ActiveCfg = Release|Any CPU
		{58FEB471-A9D2-4B35-A7A9-712F0287FB4F}.Release|Any CPU.Build.0 = Release|Any CPU
	EndGlobalSection
	GlobalSection(SolutionProperties) = preSolution
		HideSolutionNode = FALSE
	EndGlobalSection
	GlobalSection(ExtensibilityGlobals) = postSolution
		SolutionGuid = {B0CA4114-F3CB-4600-B353-1EA1174A380A}
	EndGlobalSection
EndGlobal
